
Microsoft Visual Studio Solution File, Format Version 12.00
# Visual Studio 2013
VisualStudioVersion = 12.0.31101.0
MinimumVisualStudioVersion = 10.0.40219.1
Project("{FAE04EC0-301F-11D3-BF4B-00C04F79EFBC}") = "ChristmasList", "ChristmasList\ChristmasList.csproj", "{7E80C907-83C6-433B-AD50-65C8DE80E3A1}"
EndProject
Project("{FAE04EC0-301F-11D3-BF4B-00C04F79EFBC}") = "ChristmasList.Services", "ChristmasList.Services\ChristmasList.Services.csproj", "{4A42D8C9-10A4-4678-87C8-ACA7738845C5}"
EndProject
Project("{FAE04EC0-301F-11D3-BF4B-00C04F79EFBC}") = "ChristmasList.Data", "ChristmasList.Data\ChristmasList.Data.csproj", "{93D5C9E4-C2D9-4DA1-AB78-6EBCAC33ECFB}"
EndProject
Global
	GlobalSection(SolutionConfigurationPlatforms) = preSolution
		Debug|Any CPU = Debug|Any CPU
		Release|Any CPU = Release|Any CPU
	EndGlobalSection
	GlobalSection(ProjectConfigurationPlatforms) = postSolution
		{7E80C907-83C6-433B-AD50-65C8DE80E3A1}.Debug|Any CPU.ActiveCfg = Debug|Any CPU
		{7E80C907-83C6-433B-AD50-65C8DE80E3A1}.Debug|Any CPU.Build.0 = Debug|Any CPU
		{7E80C907-83C6-433B-AD50-65C8DE80E3A1}.Release|Any CPU.ActiveCfg = Release|Any CPU
		{7E80C907-83C6-433B-AD50-65C8DE80E3A1}.Release|Any CPU.Build.0 = Release|Any CPU
		{4A42D8C9-10A4-4678-87C8-ACA7738845C5}.Debug|Any CPU.ActiveCfg = Debug|Any CPU
		{4A42D8C9-10A4-4678-87C8-ACA7738845C5}.Debug|Any CPU.Build.0 = Debug|Any CPU
		{4A42D8C9-10A4-4678-87C8-ACA7738845C5}.Release|Any CPU.ActiveCfg = Release|Any CPU
		{4A42D8C9-10A4-4678-87C8-ACA7738845C5}.Release|Any CPU.Build.0 = Release|Any CPU
		{93D5C9E4-C2D9-4DA1-AB78-6EBCAC33ECFB}.Debug|Any CPU.ActiveCfg = Debug|Any CPU
		{93D5C9E4-C2D9-4DA1-AB78-6EBCAC33ECFB}.Debug|Any CPU.Build.0 = Debug|Any CPU
		{93D5C9E4-C2D9-4DA1-AB78-6EBCAC33ECFB}.Release|Any CPU.ActiveCfg = Release|Any CPU
		{93D5C9E4-C2D9-4DA1-AB78-6EBCAC33ECFB}.Release|Any CPU.Build.0 = Release|Any CPU
	EndGlobalSection
	GlobalSection(SolutionProperties) = preSolution
		HideSolutionNode = FALSE
	EndGlobalSection
EndGlobal
